
Microsoft Visual Studio Solution File, Format Version 12.00
# Visual Studio 15
VisualStudioVersion = 15.0.27703.2042
MinimumVisualStudioVersion = 10.0.40219.1
Project("{9A19103F-16F7-4668-BE54-9A1E7A4F7556}") = "WebAPIService1", "WebAPIService1\WebAPIService1.csproj", "{9406AE1B-10A1-4023-93DD-728B78270467}"
EndProject
Project("{9A19103F-16F7-4668-BE54-9A1E7A4F7556}") = "WebAPIService2", "WebAPIService2\WebAPIService2.csproj", "{E27738B3-6AE4-4E60-8323-240A2CDB6631}"
EndProject
Project("{9A19103F-16F7-4668-BE54-9A1E7A4F7556}") = "GrpcService1", "GrpcService1\GrpcService1.csproj", "{F974D38A-514E-4EB8-925B-30E963EA66DF}"
EndProject
Project("{9A19103F-16F7-4668-BE54-9A1E7A4F7556}") = "GrpcService1Lib", "GrpcService1Lib\GrpcService1Lib.csproj", "{80CB229D-D719-4A26-8F0C-6A3A8FDF54C7}"
EndProject
Global
	GlobalSection(SolutionConfigurationPlatforms) = preSolution
		Debug|Any CPU = Debug|Any CPU
		Release|Any CPU = Release|Any CPU
	EndGlobalSection
	GlobalSection(ProjectConfigurationPlatforms) = postSolution
		{9406AE1B-10A1-4023-93DD-728B78270467}.Debug|Any CPU.ActiveCfg = Debug|Any CPU
		{9406AE1B-10A1-4023-93DD-728B78270467}.Debug|Any CPU.Build.0 = Debug|Any CPU
		{9406AE1B-10A1-4023-93DD-728B78270467}.Release|Any CPU.ActiveCfg = Release|Any CPU
		{9406AE1B-10A1-4023-93DD-728B78270467}.Release|Any CPU.Build.0 = Release|Any CPU
		{E27738B3-6AE4-4E60-8323-240A2CDB6631}.Debug|Any CPU.ActiveCfg = Debug|Any CPU
		{E27738B3-6AE4-4E60-8323-240A2CDB6631}.Debug|Any CPU.Build.0 = Debug|Any CPU
		{E27738B3-6AE4-4E60-8323-240A2CDB6631}.Release|Any CPU.ActiveCfg = Release|Any CPU
		{E27738B3-6AE4-4E60-8323-240A2CDB6631}.Release|Any CPU.Build.0 = Release|Any CPU
		{F974D38A-514E-4EB8-925B-30E963EA66DF}.Debug|Any CPU.ActiveCfg = Debug|Any CPU
		{F974D38A-514E-4EB8-925B-30E963EA66DF}.Debug|Any CPU.Build.0 = Debug|Any CPU
		{F974D38A-514E-4EB8-925B-30E963EA66DF}.Release|Any CPU.ActiveCfg = Release|Any CPU
		{F974D38A-514E-4EB8-925B-30E963EA66DF}.Release|Any CPU.Build.0 = Release|Any CPU
		{80CB229D-D719-4A26-8F0C-6A3A8FDF54C7}.Debug|Any CPU.ActiveCfg = Debug|Any CPU
		{80CB229D-D719-4A26-8F0C-6A3A8FDF54C7}.Debug|Any CPU.Build.0 = Debug|Any CPU
		{80CB229D-D719-4A26-8F0C-6A3A8FDF54C7}.Release|Any CPU.ActiveCfg = Release|Any CPU
		{80CB229D-D719-4A26-8F0C-6A3A8FDF54C7}.Release|Any CPU.Build.0 = Release|Any CPU
	EndGlobalSection
	GlobalSection(SolutionProperties) = preSolution
		HideSolutionNode = FALSE
	EndGlobalSection
	GlobalSection(ExtensibilityGlobals) = postSolution
		SolutionGuid = {52D91ACC-0004-464D-83A5-1EA95D468BE1}
	EndGlobalSection
EndGlobal
